<?xml version="1.0" encoding="utf-8"?>
<Project ToolsVersion="16.0" xmlns="http://schemas.microsoft.com/developer/msbuild/2003">
  <ItemGroup>
    <CustomBuild Include="G:\FacePythonAPI\python\.setuptools-cmake-build\CMakeFiles\b898d956227aafdd991cdc04743cb993\generate.stamp.rule">
      <Filter>CMake Rules</Filter>
    </CustomBuild>
  </ItemGroup>
  <ItemGroup>
    <Filter Include="CMake Rules">
      <UniqueIdentifier>{D5BA7764-2165-3F30-9C94-95036455FA59}</UniqueIdentifier>
    </Filter>
  </ItemGroup>
</Project>
